
Microsoft Visual Studio Solution File, Format Version 12.00
# Visual Studio Version 16
VisualStudioVersion = 16.0.31005.135
MinimumVisualStudioVersion = 10.0.40219.1
Project("{8BC9CEB8-8B4A-11D0-8D11-00A0C91BC942}") = "N1", "ConsoleApplication1\ConsoleApplication1.vcxproj", "{670CC5DB-6CAA-4CD4-A64B-0F8A9C857CF4}"
EndProject
Project("{8BC9CEB8-8B4A-11D0-8D11-00A0C91BC942}") = "N2", "N2\N2.vcxproj", "{9ABA02E3-427F-4CD8-B198-2B611C27AD38}"
EndProject
Project("{8BC9CEB8-8B4A-11D0-8D11-00A0C91BC942}") = "N3", "N3\N3.vcxproj", "{90E306FA-3356-4688-BF6E-DB4B3A7F741F}"
EndProject
Project("{8BC9CEB8-8B4A-11D0-8D11-00A0C91BC942}") = "N4", "N4\N4.vcxproj", "{FB8E510B-60C9-48E8-AF10-8CE09B532FB2}"
EndProject
Project("{8BC9CEB8-8B4A-11D0-8D11-00A0C91BC942}") = "N5", "N5\N5.vcxproj", "{7EE48104-EAC9-452A-87C5-FD053B829849}"
EndProject
Project("{8BC9CEB8-8B4A-11D0-8D11-00A0C91BC942}") = "N6", "N6\N6.vcxproj", "{8ABA436B-EA30-4EED-B05E-625F2B7AFB05}"
EndProject
Project("{8BC9CEB8-8B4A-11D0-8D11-00A0C91BC942}") = "N7", "N7\N7.vcxproj", "{14E0619C-486C-4C28-9091-D4EEDD01B33E}"
EndProject
Project("{8BC9CEB8-8B4A-11D0-8D11-00A0C91BC942}") = "N8", "N8\N8.vcxproj", "{04DB4BAC-16BE-4131-8A19-4B1A0400C613}"
EndProject
Project("{8BC9CEB8-8B4A-11D0-8D11-00A0C91BC942}") = "N9", "N9\N9.vcxproj", "{565C0CE9-38D7-48AC-9AC5-5B5EEF3127DF}"
EndProject
Project("{8BC9CEB8-8B4A-11D0-8D11-00A0C91BC942}") = "N12", "N12\N12.vcxproj", "{7E4AEAAC-7427-4BD0-AD8A-CD21A0D03DA7}"
EndProject
Project("{8BC9CEB8-8B4A-11D0-8D11-00A0C91BC942}") = "N13", "N13\N13.vcxproj", "{E1F64935-73B2-444A-99B0-07EF4423594B}"
EndProject
Project("{8BC9CEB8-8B4A-11D0-8D11-00A0C91BC942}") = "N14", "N14\N14.vcxproj", "{FAEF6D3C-DBAB-465A-AC69-A821A3E70BBE}"
EndProject
Project("{8BC9CEB8-8B4A-11D0-8D11-00A0C91BC942}") = "N14_2", "N14_2\N14_2.vcxproj", "{642A51CD-7357-4038-A725-841DEFF1BE24}"
EndProject
Project("{8BC9CEB8-8B4A-11D0-8D11-00A0C91BC942}") = "N14_3", "N14_3\N14_3.vcxproj", "{1E6C7883-438A-48DA-94C0-DCE0268B9D7F}"
EndProject
Project("{8BC9CEB8-8B4A-11D0-8D11-00A0C91BC942}") = "N15", "N15\N15.vcxproj", "{C7FEAF8F-4E19-4314-8A5C-14DC0A4A93EB}"
EndProject
Project("{8BC9CEB8-8B4A-11D0-8D11-00A0C91BC942}") = "N16", "N16\N16.vcxproj", "{A436BB92-14E8-49E6-A7EB-6C53BECA48BC}"
EndProject
Project("{8BC9CEB8-8B4A-11D0-8D11-00A0C91BC942}") = "N16_2", "N16_2\N16_2.vcxproj", "{41A72756-94CE-4C08-A3CD-5BC7FF71820D}"
EndProject
Project("{8BC9CEB8-8B4A-11D0-8D11-00A0C91BC942}") = "N17", "N17\N17.vcxproj", "{39D66523-BBA5-4BBC-857A-7EBB8C10EDFB}"
EndProject
Project("{8BC9CEB8-8B4A-11D0-8D11-00A0C91BC942}") = "N18", "N18\N18.vcxproj", "{CB476EC3-58B2-4B53-9B43-C846A49DD280}"
EndProject
Project("{8BC9CEB8-8B4A-11D0-8D11-00A0C91BC942}") = "N19", "N19\N19.vcxproj", "{60F97A66-9BFE-4F8F-BDCD-E62761247219}"
EndProject
Project("{8BC9CEB8-8B4A-11D0-8D11-00A0C91BC942}") = "N20", "N20\N20.vcxproj", "{F1285303-A692-4190-AE8C-3137FE2D521B}"
EndProject
Project("{8BC9CEB8-8B4A-11D0-8D11-00A0C91BC942}") = "N21", "N21\N21.vcxproj", "{AE80B125-FA34-4B0B-AF87-D762A69B8F01}"
EndProject
Project("{8BC9CEB8-8B4A-11D0-8D11-00A0C91BC942}") = "IFDEF_Example", "IFDEF_Example\IFDEF_Example.vcxproj", "{33FABE54-5522-4001-B99B-6AF9C580BF4E}"
EndProject
Project("{8BC9CEB8-8B4A-11D0-8D11-00A0C91BC942}") = "N22", "N22\N22.vcxproj", "{0FB056F3-07C9-430B-9E71-ED5510DDE73F}"
EndProject
Project("{8BC9CEB8-8B4A-11D0-8D11-00A0C91BC942}") = "N23", "N23\N23.vcxproj", "{A4B125FB-C499-4367-85E2-24417C6087AB}"
EndProject
Global
	GlobalSection(SolutionConfigurationPlatforms) = preSolution
		Debug|x64 = Debug|x64
		Debug|x86 = Debug|x86
		Release|x64 = Release|x64
		Release|x86 = Release|x86
	EndGlobalSection
	GlobalSection(ProjectConfigurationPlatforms) = postSolution
		{670CC5DB-6CAA-4CD4-A64B-0F8A9C857CF4}.Debug|x64.ActiveCfg = Debug|x64
		{670CC5DB-6CAA-4CD4-A64B-0F8A9C857CF4}.Debug|x64.Build.0 = Debug|x64
		{670CC5DB-6CAA-4CD4-A64B-0F8A9C857CF4}.Debug|x86.ActiveCfg = Debug|Win32
		{670CC5DB-6CAA-4CD4-A64B-0F8A9C857CF4}.Debug|x86.Build.0 = Debug|Win32
		{670CC5DB-6CAA-4CD4-A64B-0F8A9C857CF4}.Release|x64.ActiveCfg = Release|x64
		{670CC5DB-6CAA-4CD4-A64B-0F8A9C857CF4}.Release|x64.Build.0 = Release|x64
		{670CC5DB-6CAA-4CD4-A64B-0F8A9C857CF4}.Release|x86.ActiveCfg = Release|Win32
		{670CC5DB-6CAA-4CD4-A64B-0F8A9C857CF4}.Release|x86.Build.0 = Release|Win32
		{9ABA02E3-427F-4CD8-B198-2B611C27AD38}.Debug|x64.ActiveCfg = Debug|x64
		{9ABA02E3-427F-4CD8-B198-2B611C27AD38}.Debug|x64.Build.0 = Debug|x64
		{9ABA02E3-427F-4CD8-B198-2B611C27AD38}.Debug|x86.ActiveCfg = Debug|Win32
		{9ABA02E3-427F-4CD8-B198-2B611C27AD38}.Debug|x86.Build.0 = Debug|Win32
		{9ABA02E3-427F-4CD8-B198-2B611C27AD38}.Release|x64.ActiveCfg = Release|x64
		{9ABA02E3-427F-4CD8-B198-2B611C27AD38}.Release|x64.Build.0 = Release|x64
		{9ABA02E3-427F-4CD8-B198-2B611C27AD38}.Release|x86.ActiveCfg = Release|Win32
		{9ABA02E3-427F-4CD8-B198-2B611C27AD38}.Release|x86.Build.0 = Release|Win32
		{90E306FA-3356-4688-BF6E-DB4B3A7F741F}.Debug|x64.ActiveCfg = Debug|x64
		{90E306FA-3356-4688-BF6E-DB4B3A7F741F}.Debug|x64.Build.0 = Debug|x64
		{90E306FA-3356-4688-BF6E-DB4B3A7F741F}.Debug|x86.ActiveCfg = Debug|Win32
		{90E306FA-3356-4688-BF6E-DB4B3A7F741F}.Debug|x86.Build.0 = Debug|Win32
		{90E306FA-3356-4688-BF6E-DB4B3A7F741F}.Release|x64.ActiveCfg = Release|x64
		{90E306FA-3356-4688-BF6E-DB4B3A7F741F}.Release|x64.Build.0 = Release|x64
		{90E306FA-3356-4688-BF6E-DB4B3A7F741F}.Release|x86.ActiveCfg = Release|Win32
		{90E306FA-3356-4688-BF6E-DB4B3A7F741F}.Release|x86.Build.0 = Release|Win32
		{FB8E510B-60C9-48E8-AF10-8CE09B532FB2}.Debug|x64.ActiveCfg = Debug|x64
		{FB8E510B-60C9-48E8-AF10-8CE09B532FB2}.Debug|x64.Build.0 = Debug|x64
		{FB8E510B-60C9-48E8-AF10-8CE09B532FB2}.Debug|x86.ActiveCfg = Debug|Win32
		{FB8E510B-60C9-48E8-AF10-8CE09B532FB2}.Debug|x86.Build.0 = Debug|Win32
		{FB8E510B-60C9-48E8-AF10-8CE09B532FB2}.Release|x64.ActiveCfg = Release|x64
		{FB8E510B-60C9-48E8-AF10-8CE09B532FB2}.Release|x64.Build.0 = Release|x64
		{FB8E510B-60C9-48E8-AF10-8CE09B532FB2}.Release|x86.ActiveCfg = Release|Win32
		{FB8E510B-60C9-48E8-AF10-8CE09B532FB2}.Release|x86.Build.0 = Release|Win32
		{7EE48104-EAC9-452A-87C5-FD053B829849}.Debug|x64.ActiveCfg = Debug|x64
		{7EE48104-EAC9-452A-87C5-FD053B829849}.Debug|x64.Build.0 = Debug|x64
		{7EE48104-EAC9-452A-87C5-FD053B829849}.Debug|x86.ActiveCfg = Debug|Win32
		{7EE48104-EAC9-452A-87C5-FD053B829849}.Debug|x86.Build.0 = Debug|Win32
		{7EE48104-EAC9-452A-87C5-FD053B829849}.Release|x64.ActiveCfg = Release|x64
		{7EE48104-EAC9-452A-87C5-FD053B829849}.Release|x64.Build.0 = Release|x64
		{7EE48104-EAC9-452A-87C5-FD053B829849}.Release|x86.ActiveCfg = Release|Win32
		{7EE48104-EAC9-452A-87C5-FD053B829849}.Release|x86.Build.0 = Release|Win32
		{8ABA436B-EA30-4EED-B05E-625F2B7AFB05}.Debug|x64.ActiveCfg = Debug|x64
		{8ABA436B-EA30-4EED-B05E-625F2B7AFB05}.Debug|x64.Build.0 = Debug|x64
		{8ABA436B-EA30-4EED-B05E-625F2B7AFB05}.Debug|x86.ActiveCfg = Debug|Win32
		{8ABA436B-EA30-4EED-B05E-625F2B7AFB05}.Debug|x86.Build.0 = Debug|Win32
		{8ABA436B-EA30-4EED-B05E-625F2B7AFB05}.Release|x64.ActiveCfg = Release|x64
		{8ABA436B-EA30-4EED-B05E-625F2B7AFB05}.Release|x64.Build.0 = Release|x64
		{8ABA436B-EA30-4EED-B05E-625F2B7AFB05}.Release|x86.ActiveCfg = Release|Win32
		{8ABA436B-EA30-4EED-B05E-625F2B7AFB05}.Release|x86.Build.0 = Release|Win32
		{14E0619C-486C-4C28-9091-D4EEDD01B33E}.Debug|x64.ActiveCfg = Debug|x64
		{14E0619C-486C-4C28-9091-D4EEDD01B33E}.Debug|x64.Build.0 = Debug|x64
		{14E0619C-486C-4C28-9091-D4EEDD01B33E}.Debug|x86.ActiveCfg = Debug|Win32
		{14E0619C-486C-4C28-9091-D4EEDD01B33E}.Debug|x86.Build.0 = Debug|Win32
		{14E0619C-486C-4C28-9091-D4EEDD01B33E}.Release|x64.ActiveCfg = Release|x64
		{14E0619C-486C-4C28-9091-D4EEDD01B33E}.Release|x64.Build.0 = Release|x64
		{14E0619C-486C-4C28-9091-D4EEDD01B33E}.Release|x86.ActiveCfg = Release|Win32
		{14E0619C-486C-4C28-9091-D4EEDD01B33E}.Release|x86.Build.0 = Release|Win32
		{04DB4BAC-16BE-4131-8A19-4B1A0400C613}.Debug|x64.ActiveCfg = Debug|x64
		{04DB4BAC-16BE-4131-8A19-4B1A0400C613}.Debug|x64.Build.0 = Debug|x64
		{04DB4BAC-16BE-4131-8A19-4B1A0400C613}.Debug|x86.ActiveCfg = Debug|Win32
		{04DB4BAC-16BE-4131-8A19-4B1A0400C613}.Debug|x86.Build.0 = Debug|Win32
		{04DB4BAC-16BE-4131-8A19-4B1A0400C613}.Release|x64.ActiveCfg = Release|x64
		{04DB4BAC-16BE-4131-8A19-4B1A0400C613}.Release|x64.Build.0 = Release|x64
		{04DB4BAC-16BE-4131-8A19-4B1A0400C613}.Release|x86.ActiveCfg = Release|Win32
		{04DB4BAC-16BE-4131-8A19-4B1A0400C613}.Release|x86.Build.0 = Release|Win32
		{565C0CE9-38D7-48AC-9AC5-5B5EEF3127DF}.Debug|x64.ActiveCfg = Debug|x64
		{565C0CE9-38D7-48AC-9AC5-5B5EEF3127DF}.Debug|x64.Build.0 = Debug|x64
		{565C0CE9-38D7-48AC-9AC5-5B5EEF3127DF}.Debug|x86.ActiveCfg = Debug|Win32
		{565C0CE9-38D7-48AC-9AC5-5B5EEF3127DF}.Debug|x86.Build.0 = Debug|Win32
		{565C0CE9-38D7-48AC-9AC5-5B5EEF3127DF}.Release|x64.ActiveCfg = Release|x64
		{565C0CE9-38D7-48AC-9AC5-5B5EEF3127DF}.Release|x64.Build.0 = Release|x64
		{565C0CE9-38D7-48AC-9AC5-5B5EEF3127DF}.Release|x86.ActiveCfg = Release|Win32
		{565C0CE9-38D7-48AC-9AC5-5B5EEF3127DF}.Release|x86.Build.0 = Release|Win32
		{7E4AEAAC-7427-4BD0-AD8A-CD21A0D03DA7}.Debug|x64.ActiveCfg = Debug|x64
		{7E4AEAAC-7427-4BD0-AD8A-CD21A0D03DA7}.Debug|x64.Build.0 = Debug|x64
		{7E4AEAAC-7427-4BD0-AD8A-CD21A0D03DA7}.Debug|x86.ActiveCfg = Debug|Win32
		{7E4AEAAC-7427-4BD0-AD8A-CD21A0D03DA7}.Debug|x86.Build.0 = Debug|Win32
		{7E4AEAAC-7427-4BD0-AD8A-CD21A0D03DA7}.Release|x64.ActiveCfg = Release|x64
		{7E4AEAAC-7427-4BD0-AD8A-CD21A0D03DA7}.Release|x64.Build.0 = Release|x64
		{7E4AEAAC-7427-4BD0-AD8A-CD21A0D03DA7}.Release|x86.ActiveCfg = Release|Win32
		{7E4AEAAC-7427-4BD0-AD8A-CD21A0D03DA7}.Release|x86.Build.0 = Release|Win32
		{E1F64935-73B2-444A-99B0-07EF4423594B}.Debug|x64.ActiveCfg = Debug|x64
		{E1F64935-73B2-444A-99B0-07EF4423594B}.Debug|x64.Build.0 = Debug|x64
		{E1F64935-73B2-444A-99B0-07EF4423594B}.Debug|x86.ActiveCfg = Debug|Win32
		{E1F64935-73B2-444A-99B0-07EF4423594B}.Debug|x86.Build.0 = Debug|Win32
		{E1F64935-73B2-444A-99B0-07EF4423594B}.Release|x64.ActiveCfg = Release|x64
		{E1F64935-73B2-444A-99B0-07EF4423594B}.Release|x64.Build.0 = Release|x64
		{E1F64935-73B2-444A-99B0-07EF4423594B}.Release|x86.ActiveCfg = Release|Win32
		{E1F64935-73B2-444A-99B0-07EF4423594B}.Release|x86.Build.0 = Release|Win32
		{FAEF6D3C-DBAB-465A-AC69-A821A3E70BBE}.Debug|x64.ActiveCfg = Debug|x64
		{FAEF6D3C-DBAB-465A-AC69-A821A3E70BBE}.Debug|x64.Build.0 = Debug|x64
		{FAEF6D3C-DBAB-465A-AC69-A821A3E70BBE}.Debug|x86.ActiveCfg = Debug|Win32
		{FAEF6D3C-DBAB-465A-AC69-A821A3E70BBE}.Debug|x86.Build.0 = Debug|Win32
		{FAEF6D3C-DBAB-465A-AC69-A821A3E70BBE}.Release|x64.ActiveCfg = Release|x64
		{FAEF6D3C-DBAB-465A-AC69-A821A3E70BBE}.Release|x64.Build.0 = Release|x64
		{FAEF6D3C-DBAB-465A-AC69-A821A3E70BBE}.Release|x86.ActiveCfg = Release|Win32
		{FAEF6D3C-DBAB-465A-AC69-A821A3E70BBE}.Release|x86.Build.0 = Release|Win32
		{642A51CD-7357-4038-A725-841DEFF1BE24}.Debug|x64.ActiveCfg = Debug|x64
		{642A51CD-7357-4038-A725-841DEFF1BE24}.Debug|x64.Build.0 = Debug|x64
		{642A51CD-7357-4038-A725-841DEFF1BE24}.Debug|x86.ActiveCfg = Debug|Win32
		{642A51CD-7357-4038-A725-841DEFF1BE24}.Debug|x86.Build.0 = Debug|Win32
		{642A51CD-7357-4038-A725-841DEFF1BE24}.Release|x64.ActiveCfg = Release|x64
		{642A51CD-7357-4038-A725-841DEFF1BE24}.Release|x64.Build.0 = Release|x64
		{642A51CD-7357-4038-A725-841DEFF1BE24}.Release|x86.ActiveCfg = Release|Win32
		{642A51CD-7357-4038-A725-841DEFF1BE24}.Release|x86.Build.0 = Release|Win32
		{1E6C7883-438A-48DA-94C0-DCE0268B9D7F}.Debug|x64.ActiveCfg = Debug|x64
		{1E6C7883-438A-48DA-94C0-DCE0268B9D7F}.Debug|x64.Build.0 = Debug|x64
		{1E6C7883-438A-48DA-94C0-DCE0268B9D7F}.Debug|x86.ActiveCfg = Debug|Win32
		{1E6C7883-438A-48DA-94C0-DCE0268B9D7F}.Debug|x86.Build.0 = Debug|Win32
		{1E6C7883-438A-48DA-94C0-DCE0268B9D7F}.Release|x64.ActiveCfg = Release|x64
		{1E6C7883-438A-48DA-94C0-DCE0268B9D7F}.Release|x64.Build.0 = Release|x64
		{1E6C7883-438A-48DA-94C0-DCE0268B9D7F}.Release|x86.ActiveCfg = Release|Win32
		{1E6C7883-438A-48DA-94C0-DCE0268B9D7F}.Release|x86.Build.0 = Release|Win32
		{C7FEAF8F-4E19-4314-8A5C-14DC0A4A93EB}.Debug|x64.ActiveCfg = Debug|x64
		{C7FEAF8F-4E19-4314-8A5C-14DC0A4A93EB}.Debug|x64.Build.0 = Debug|x64
		{C7FEAF8F-4E19-4314-8A5C-14DC0A4A93EB}.Debug|x86.ActiveCfg = Debug|Win32
		{C7FEAF8F-4E19-4314-8A5C-14DC0A4A93EB}.Debug|x86.Build.0 = Debug|Win32
		{C7FEAF8F-4E19-4314-8A5C-14DC0A4A93EB}.Release|x64.ActiveCfg = Release|x64
		{C7FEAF8F-4E19-4314-8A5C-14DC0A4A93EB}.Release|x64.Build.0 = Release|x64
		{C7FEAF8F-4E19-4314-8A5C-14DC0A4A93EB}.Release|x86.ActiveCfg = Release|Win32
		{C7FEAF8F-4E19-4314-8A5C-14DC0A4A93EB}.Release|x86.Build.0 = Release|Win32
		{A436BB92-14E8-49E6-A7EB-6C53BECA48BC}.Debug|x64.ActiveCfg = Debug|x64
		{A436BB92-14E8-49E6-A7EB-6C53BECA48BC}.Debug|x64.Build.0 = Debug|x64
		{A436BB92-14E8-49E6-A7EB-6C53BECA48BC}.Debug|x86.ActiveCfg = Debug|Win32
		{A436BB92-14E8-49E6-A7EB-6C53BECA48BC}.Debug|x86.Build.0 = Debug|Win32
		{A436BB92-14E8-49E6-A7EB-6C53BECA48BC}.Release|x64.ActiveCfg = Release|x64
		{A436BB92-14E8-49E6-A7EB-6C53BECA48BC}.Release|x64.Build.0 = Release|x64
		{A436BB92-14E8-49E6-A7EB-6C53BECA48BC}.Release|x86.ActiveCfg = Release|Win32
		{A436BB92-14E8-49E6-A7EB-6C53BECA48BC}.Release|x86.Build.0 = Release|Win32
		{41A72756-94CE-4C08-A3CD-5BC7FF71820D}.Debug|x64.ActiveCfg = Debug|x64
		{41A72756-94CE-4C08-A3CD-5BC7FF71820D}.Debug|x64.Build.0 = Debug|x64
		{41A72756-94CE-4C08-A3CD-5BC7FF71820D}.Debug|x86.ActiveCfg = Debug|Win32
		{41A72756-94CE-4C08-A3CD-5BC7FF71820D}.Debug|x86.Build.0 = Debug|Win32
		{41A72756-94CE-4C08-A3CD-5BC7FF71820D}.Release|x64.ActiveCfg = Release|x64
		{41A72756-94CE-4C08-A3CD-5BC7FF71820D}.Release|x64.Build.0 = Release|x64
		{41A72756-94CE-4C08-A3CD-5BC7FF71820D}.Release|x86.ActiveCfg = Release|Win32
		{41A72756-94CE-4C08-A3CD-5BC7FF71820D}.Release|x86.Build.0 = Release|Win32
		{39D66523-BBA5-4BBC-857A-7EBB8C10EDFB}.Debug|x64.ActiveCfg = Debug|x64
		{39D66523-BBA5-4BBC-857A-7EBB8C10EDFB}.Debug|x64.Build.0 = Debug|x64
		{39D66523-BBA5-4BBC-857A-7EBB8C10EDFB}.Debug|x86.ActiveCfg = Debug|Win32
		{39D66523-BBA5-4BBC-857A-7EBB8C10EDFB}.Debug|x86.Build.0 = Debug|Win32
		{39D66523-BBA5-4BBC-857A-7EBB8C10EDFB}.Release|x64.ActiveCfg = Release|x64
		{39D66523-BBA5-4BBC-857A-7EBB8C10EDFB}.Release|x64.Build.0 = Release|x64
		{39D66523-BBA5-4BBC-857A-7EBB8C10EDFB}.Release|x86.ActiveCfg = Release|Win32
		{39D66523-BBA5-4BBC-857A-7EBB8C10EDFB}.Release|x86.Build.0 = Release|Win32
		{CB476EC3-58B2-4B53-9B43-C846A49DD280}.Debug|x64.ActiveCfg = Debug|x64
		{CB476EC3-58B2-4B53-9B43-C846A49DD280}.Debug|x64.Build.0 = Debug|x64
		{CB476EC3-58B2-4B53-9B43-C846A49DD280}.Debug|x86.ActiveCfg = Debug|Win32
		{CB476EC3-58B2-4B53-9B43-C846A49DD280}.Debug|x86.Build.0 = Debug|Win32
		{CB476EC3-58B2-4B53-9B43-C846A49DD280}.Release|x64.ActiveCfg = Release|x64
		{CB476EC3-58B2-4B53-9B43-C846A49DD280}.Release|x64.Build.0 = Release|x64
		{CB476EC3-58B2-4B53-9B43-C846A49DD280}.Release|x86.ActiveCfg = Release|Win32
		{CB476EC3-58B2-4B53-9B43-C846A49DD280}.Release|x86.Build.0 = Release|Win32
		{60F97A66-9BFE-4F8F-BDCD-E62761247219}.Debug|x64.ActiveCfg = Debug|x64
		{60F97A66-9BFE-4F8F-BDCD-E62761247219}.Debug|x64.Build.0 = Debug|x64
		{60F97A66-9BFE-4F8F-BDCD-E62761247219}.Debug|x86.ActiveCfg = Debug|Win32
		{60F97A66-9BFE-4F8F-BDCD-E62761247219}.Debug|x86.Build.0 = Debug|Win32
		{60F97A66-9BFE-4F8F-BDCD-E62761247219}.Release|x64.ActiveCfg = Release|x64
		{60F97A66-9BFE-4F8F-BDCD-E62761247219}.Release|x64.Build.0 = Release|x64
		{60F97A66-9BFE-4F8F-BDCD-E62761247219}.Release|x86.ActiveCfg = Release|Win32
		{60F97A66-9BFE-4F8F-BDCD-E62761247219}.Release|x86.Build.0 = Release|Win32
		{F1285303-A692-4190-AE8C-3137FE2D521B}.Debug|x64.ActiveCfg = Debug|x64
		{F1285303-A692-4190-AE8C-3137FE2D521B}.Debug|x64.Build.0 = Debug|x64
		{F1285303-A692-4190-AE8C-3137FE2D521B}.Debug|x86.ActiveCfg = Debug|Win32
		{F1285303-A692-4190-AE8C-3137FE2D521B}.Debug|x86.Build.0 = Debug|Win32
		{F1285303-A692-4190-AE8C-3137FE2D521B}.Release|x64.ActiveCfg = Release|x64
		{F1285303-A692-4190-AE8C-3137FE2D521B}.Release|x64.Build.0 = Release|x64
		{F1285303-A692-4190-AE8C-3137FE2D521B}.Release|x86.ActiveCfg = Release|Win32
		{F1285303-A692-4190-AE8C-3137FE2D521B}.Release|x86.Build.0 = Release|Win32
		{AE80B125-FA34-4B0B-AF87-D762A69B8F01}.Debug|x64.ActiveCfg = Debug|x64
		{AE80B125-FA34-4B0B-AF87-D762A69B8F01}.Debug|x64.Build.0 = Debug|x64
		{AE80B125-FA34-4B0B-AF87-D762A69B8F01}.Debug|x86.ActiveCfg = Debug|Win32
		{AE80B125-FA34-4B0B-AF87-D762A69B8F01}.Debug|x86.Build.0 = Debug|Win32
		{AE80B125-FA34-4B0B-AF87-D762A69B8F01}.Release|x64.ActiveCfg = Release|x64
		{AE80B125-FA34-4B0B-AF87-D762A69B8F01}.Release|x64.Build.0 = Release|x64
		{AE80B125-FA34-4B0B-AF87-D762A69B8F01}.Release|x86.ActiveCfg = Release|Win32
		{AE80B125-FA34-4B0B-AF87-D762A69B8F01}.Release|x86.Build.0 = Release|Win32
		{33FABE54-5522-4001-B99B-6AF9C580BF4E}.Debug|x64.ActiveCfg = Debug|x64
		{33FABE54-5522-4001-B99B-6AF9C580BF4E}.Debug|x64.Build.0 = Debug|x64
		{33FABE54-5522-4001-B99B-6AF9C580BF4E}.Debug|x86.ActiveCfg = Debug|Win32
		{33FABE54-5522-4001-B99B-6AF9C580BF4E}.Debug|x86.Build.0 = Debug|Win32
		{33FABE54-5522-4001-B99B-6AF9C580BF4E}.Release|x64.ActiveCfg = Release|x64
		{33FABE54-5522-4001-B99B-6AF9C580BF4E}.Release|x64.Build.0 = Release|x64
		{33FABE54-5522-4001-B99B-6AF9C580BF4E}.Release|x86.ActiveCfg = Release|Win32
		{33FABE54-5522-4001-B99B-6AF9C580BF4E}.Release|x86.Build.0 = Release|Win32
		{0FB056F3-07C9-430B-9E71-ED5510DDE73F}.Debug|x64.ActiveCfg = Debug|x64
		{0FB056F3-07C9-430B-9E71-ED5510DDE73F}.Debug|x64.Build.0 = Debug|x64
		{0FB056F3-07C9-430B-9E71-ED5510DDE73F}.Debug|x86.ActiveCfg = Debug|Win32
		{0FB056F3-07C9-430B-9E71-ED5510DDE73F}.Debug|x86.Build.0 = Debug|Win32
		{0FB056F3-07C9-430B-9E71-ED5510DDE73F}.Release|x64.ActiveCfg = Release|x64
		{0FB056F3-07C9-430B-9E71-ED5510DDE73F}.Release|x64.Build.0 = Release|x64
		{0FB056F3-07C9-430B-9E71-ED5510DDE73F}.Release|x86.ActiveCfg = Release|Win32
		{0FB056F3-07C9-430B-9E71-ED5510DDE73F}.Release|x86.Build.0 = Release|Win32
		{A4B125FB-C499-4367-85E2-24417C6087AB}.Debug|x64.ActiveCfg = Debug|x64
		{A4B125FB-C499-4367-85E2-24417C6087AB}.Debug|x64.Build.0 = Debug|x64
		{A4B125FB-C499-4367-85E2-24417C6087AB}.Debug|x86.ActiveCfg = Debug|Win32
		{A4B125FB-C499-4367-85E2-24417C6087AB}.Debug|x86.Build.0 = Debug|Win32
		{A4B125FB-C499-4367-85E2-24417C6087AB}.Release|x64.ActiveCfg = Release|x64
		{A4B125FB-C499-4367-85E2-24417C6087AB}.Release|x64.Build.0 = Release|x64
		{A4B125FB-C499-4367-85E2-24417C6087AB}.Release|x86.ActiveCfg = Release|Win32
		{A4B125FB-C499-4367-85E2-24417C6087AB}.Release|x86.Build.0 = Release|Win32
	EndGlobalSection
	GlobalSection(SolutionProperties) = preSolution
		HideSolutionNode = FALSE
	EndGlobalSection
	GlobalSection(ExtensibilityGlobals) = postSolution
		SolutionGuid = {A04E2333-51B4-453A-86AE-B7587B6D88F1}
	EndGlobalSection
EndGlobal
